
Microsoft Visual Studio Solution File, Format Version 12.00
# Visual Studio Version 16
VisualStudioVersion = 16.0.31205.134
MinimumVisualStudioVersion = 10.0.40219.1
Project("{FAE04EC0-301F-11D3-BF4B-00C04F79EFBC}") = "dbcrowbar.webapi", "dbcrowbar.webapi\dbcrowbar.webapi.csproj", "{C34C4377-2921-452A-A1E5-274866926D3A}"
EndProject
Global
	GlobalSection(SolutionConfigurationPlatforms) = preSolution
		Debug|Any CPU = Debug|Any CPU
		Release|Any CPU = Release|Any CPU
	EndGlobalSection
	GlobalSection(ProjectConfigurationPlatforms) = postSolution
		{C34C4377-2921-452A-A1E5-274866926D3A}.Debug|Any CPU.ActiveCfg = Debug|Any CPU
		{C34C4377-2921-452A-A1E5-274866926D3A}.Debug|Any CPU.Build.0 = Debug|Any CPU
		{C34C4377-2921-452A-A1E5-274866926D3A}.Release|Any CPU.ActiveCfg = Release|Any CPU
		{C34C4377-2921-452A-A1E5-274866926D3A}.Release|Any CPU.Build.0 = Release|Any CPU
	EndGlobalSection
	GlobalSection(SolutionProperties) = preSolution
		HideSolutionNode = FALSE
	EndGlobalSection
	GlobalSection(ExtensibilityGlobals) = postSolution
		SolutionGuid = {6CC5589A-C654-4C6A-A21C-2A8BABD5978A}
	EndGlobalSection
EndGlobal
